
Microsoft Visual Studio Solution File, Format Version 12.00
# Visual Studio Version 17
VisualStudioVersion = 17.3.32929.385
MinimumVisualStudioVersion = 10.0.40219.1
Project("{9A19103F-16F7-4668-BE54-9A1E7A4F7556}") = "TraversalCoreProje", "TraversalCoreProje\TraversalCoreProje.csproj", "{07219B7A-C78B-4C15-9010-B272D1A16D58}"
EndProject
Project("{FAE04EC0-301F-11D3-BF4B-00C04F79EFBC}") = "EntityLayer", "EntityLayer\EntityLayer.csproj", "{558D5C98-79BE-4EF1-869F-37F08A920459}"
EndProject
Project("{FAE04EC0-301F-11D3-BF4B-00C04F79EFBC}") = "DataAccessLayer", "DataAccessLayer\DataAccessLayer.csproj", "{F229E535-5E19-4AF0-BF5B-A7B246FC8025}"
EndProject
Project("{FAE04EC0-301F-11D3-BF4B-00C04F79EFBC}") = "BusinessLayer", "BusinessLayer\BusinessLayer.csproj", "{A644EEC2-49C5-44D6-9999-12A1C674666E}"
EndProject
Global
	GlobalSection(SolutionConfigurationPlatforms) = preSolution
		Debug|Any CPU = Debug|Any CPU
		Release|Any CPU = Release|Any CPU
	EndGlobalSection
	GlobalSection(ProjectConfigurationPlatforms) = postSolution
		{07219B7A-C78B-4C15-9010-B272D1A16D58}.Debug|Any CPU.ActiveCfg = Debug|Any CPU
		{07219B7A-C78B-4C15-9010-B272D1A16D58}.Debug|Any CPU.Build.0 = Debug|Any CPU
		{07219B7A-C78B-4C15-9010-B272D1A16D58}.Release|Any CPU.ActiveCfg = Release|Any CPU
		{07219B7A-C78B-4C15-9010-B272D1A16D58}.Release|Any CPU.Build.0 = Release|Any CPU
		{558D5C98-79BE-4EF1-869F-37F08A920459}.Debug|Any CPU.ActiveCfg = Debug|Any CPU
		{558D5C98-79BE-4EF1-869F-37F08A920459}.Debug|Any CPU.Build.0 = Debug|Any CPU
		{558D5C98-79BE-4EF1-869F-37F08A920459}.Release|Any CPU.ActiveCfg = Release|Any CPU
		{558D5C98-79BE-4EF1-869F-37F08A920459}.Release|Any CPU.Build.0 = Release|Any CPU
		{F229E535-5E19-4AF0-BF5B-A7B246FC8025}.Debug|Any CPU.ActiveCfg = Debug|Any CPU
		{F229E535-5E19-4AF0-BF5B-A7B246FC8025}.Debug|Any CPU.Build.0 = Debug|Any CPU
		{F229E535-5E19-4AF0-BF5B-A7B246FC8025}.Release|Any CPU.ActiveCfg = Release|Any CPU
		{F229E535-5E19-4AF0-BF5B-A7B246FC8025}.Release|Any CPU.Build.0 = Release|Any CPU
		{A644EEC2-49C5-44D6-9999-12A1C674666E}.Debug|Any CPU.ActiveCfg = Debug|Any CPU
		{A644EEC2-49C5-44D6-9999-12A1C674666E}.Debug|Any CPU.Build.0 = Debug|Any CPU
		{A644EEC2-49C5-44D6-9999-12A1C674666E}.Release|Any CPU.ActiveCfg = Release|Any CPU
		{A644EEC2-49C5-44D6-9999-12A1C674666E}.Release|Any CPU.Build.0 = Release|Any CPU
	EndGlobalSection
	GlobalSection(SolutionProperties) = preSolution
		HideSolutionNode = FALSE
	EndGlobalSection
	GlobalSection(ExtensibilityGlobals) = postSolution
		SolutionGuid = {C6582F0E-B6A9-4D97-83B0-81DFEAD829B4}
	EndGlobalSection
EndGlobal
